PODS:
  - Braintree (4.22.0):
    - Braintree/Card (= 4.22.0)
    - Braintree/Core (= 4.22.0)
    - Braintree/PayPal (= 4.22.0)
    - Braintree/UI (= 4.22.0)
  - Braintree/Card (4.22.0):
    - Braintree/Core
  - Braintree/Core (4.22.0)
  - Braintree/PayPal (4.22.0):
    - Braintree/Core
    - Braintree/PayPalOneTouch
  - Braintree/PayPalDataCollector (4.22.0):
    - Braintree/Core
    - Braintree/PayPalUtils
  - Braintree/PayPalOneTouch (4.22.0):
    - Braintree/Core
    - Braintree/PayPalDataCollector
    - Braintree/PayPalUtils
  - Braintree/PayPalUtils (4.22.0)
  - Braintree/UI (4.22.0):
    - Braintree/Card
    - Braintree/Core
  - ElePay (1.1.0):
    - Braintree (= 4.22.0)
    - Stripe (= 14.0.0)
  - Stripe (14.0.0)

DEPENDENCIES:
  - ElePay

SPEC REPOS:
  https://github.com/cocoapods/specs.git:
    - Braintree
    - ElePay
    - Stripe

SPEC CHECKSUMS:
  Braintree: e814ec196208d3e961c488cf4071de043f399cf9
  ElePay: 7d93764705f67c801413f620fd89e68284c622fe
  Stripe: db29ad197c74aca6fb981e4e8355cf7ebd0fca5a

PODFILE CHECKSUM: 7f8d35f8a70846e61f26d027b4de9339ad1c482f

COCOAPODS: 1.6.0
