PODS:
  - Braintree (4.37.0):
    - Braintree/Card (= 4.37.0)
    - Braintree/Core (= 4.37.0)
    - Braintree/PayPal (= 4.37.0)
    - Braintree/UI (= 4.37.0)
  - Braintree/Card (4.37.0):
    - Braintree/Core
  - Braintree/Core (4.37.0)
  - Braintree/PayPal (4.37.0):
    - Braintree/Core
    - Braintree/PayPalOneTouch
  - Braintree/PayPalDataCollector (4.37.0):
    - Braintree/Core
    - Braintree/PayPalUtils
  - Braintree/PayPalOneTouch (4.37.0):
    - Braintree/Core
    - Braintree/PayPalDataCollector
    - Braintree/PayPalUtils
  - Braintree/PayPalUtils (4.37.0)
  - Braintree/UI (4.37.0):
    - Braintree/Card
    - Braintree/Core
  - Elepay_ChinesePayments_Plugin (2.0.0)
  - ElepaySDK (2.3.4)
  - Stripe (19.4.1)

DEPENDENCIES:
  - Braintree
  - Elepay_ChinesePayments_Plugin
  - ElepaySDK
  - Stripe (from `https://github.com/stripe/stripe-ios.git`, tag `v19.4.1`)

SPEC REPOS:
  trunk:
    - Braintree
    - Elepay_ChinesePayments_Plugin
    - ElepaySDK

EXTERNAL SOURCES:
  Stripe:
    :git: https://github.com/stripe/stripe-ios.git
    :tag: v19.4.1

CHECKOUT OPTIONS:
  Stripe:
    :git: https://github.com/stripe/stripe-ios.git
    :tag: v19.4.1

SPEC CHECKSUMS:
  Braintree: e1f291d24a909bfbed88e86a0c3db76f26af9697
  Elepay_ChinesePayments_Plugin: 69b7995b30820fd13f16bddc39affcc107200357
  ElepaySDK: 2ab6468405e7fcbb4bdd98c5816f7989128cee31
  Stripe: 03e13dd1c55e59aeeb8614547700199ff1dc4e01

PODFILE CHECKSUM: 498efbc2fc0c055984e9b88f4763d9103ab8d14b

COCOAPODS: 1.10.1
